
Microsoft Visual Studio Solution File, Format Version 12.00
Project("{FAE04EC0-301F-11D3-BF4B-00C04F79EFBC}") = "NET-API_Rest", "NET-API_Rest\NET-API_Rest.csproj", "{038B04A2-5EC7-4F5F-994B-B6053227C5A5}"
EndProject
Global
	GlobalSection(SolutionConfigurationPlatforms) = preSolution
		Debug|Any CPU = Debug|Any CPU
		Release|Any CPU = Release|Any CPU
	EndGlobalSection
	GlobalSection(ProjectConfigurationPlatforms) = postSolution
		{038B04A2-5EC7-4F5F-994B-B6053227C5A5}.Debug|Any CPU.ActiveCfg = Debug|Any CPU
		{038B04A2-5EC7-4F5F-994B-B6053227C5A5}.Debug|Any CPU.Build.0 = Debug|Any CPU
		{038B04A2-5EC7-4F5F-994B-B6053227C5A5}.Release|Any CPU.ActiveCfg = Release|Any CPU
		{038B04A2-5EC7-4F5F-994B-B6053227C5A5}.Release|Any CPU.Build.0 = Release|Any CPU
	EndGlobalSection
EndGlobal
